
Microsoft Visual Studio Solution File, Format Version 12.00
# Visual Studio Version 16
VisualStudioVersion = 16.0.30804.86
MinimumVisualStudioVersion = 10.0.40219.1
Project("{8BC9CEB8-8B4A-11D0-8D11-00A0C91BC942}") = "Proiect OpenGL CAG", "Proiect OpenGL CAG\Proiect OpenGL CAG.vcxproj", "{D13DF60F-4B51-4CEB-8471-EEFA1850304E}"
EndProject
Global
	GlobalSection(SolutionConfigurationPlatforms) = preSolution
		Debug|x64 = Debug|x64
		Debug|x86 = Debug|x86
		Release|x64 = Release|x64
		Release|x86 = Release|x86
	EndGlobalSection
	GlobalSection(ProjectConfigurationPlatforms) = postSolution
		{D13DF60F-4B51-4CEB-8471-EEFA1850304E}.Debug|x64.ActiveCfg = Debug|x64
		{D13DF60F-4B51-4CEB-8471-EEFA1850304E}.Debug|x64.Build.0 = Debug|x64
		{D13DF60F-4B51-4CEB-8471-EEFA1850304E}.Debug|x86.ActiveCfg = Debug|Win32
		{D13DF60F-4B51-4CEB-8471-EEFA1850304E}.Debug|x86.Build.0 = Debug|Win32
		{D13DF60F-4B51-4CEB-8471-EEFA1850304E}.Release|x64.ActiveCfg = Release|x64
		{D13DF60F-4B51-4CEB-8471-EEFA1850304E}.Release|x64.Build.0 = Release|x64
		{D13DF60F-4B51-4CEB-8471-EEFA1850304E}.Release|x86.ActiveCfg = Release|Win32
		{D13DF60F-4B51-4CEB-8471-EEFA1850304E}.Release|x86.Build.0 = Release|Win32
	EndGlobalSection
	GlobalSection(SolutionProperties) = preSolution
		HideSolutionNode = FALSE
	EndGlobalSection
	GlobalSection(ExtensibilityGlobals) = postSolution
		SolutionGuid = {AAF9A00F-18AE-44BD-B9FE-F62FF741BC5B}
	EndGlobalSection
EndGlobal
